// !$*UTF8*$!
{
	archiveVersion = 1;
	classes = {
	};
	objectVersion = 46;
	objects = {

/* Begin PBXBuildFile section */
		594C302E1C2169B500E7B247 /* AppDelegate.swift in Sources */ = {isa = PBXBuildFile; fileRef = 594C302D1C2169B500E7B247 /* AppDelegate.swift */; };
		594C30301C2169B500E7B247 /* ViewController.swift in Sources */ = {isa = PBXBuildFile; fileRef = 594C302F1C2169B500E7B247 /* ViewController.swift */; };
		594C30331C2169B500E7B247 /* Main.storyboard in Resources */ = {isa = PBXBuildFile; fileRef = 594C30311C2169B500E7B247 /* Main.storyboard */; };
		594C30351C2169B500E7B247 /* Images.xcassets in Resources */ = {isa = PBXBuildFile; fileRef = 594C30341C2169B500E7B247 /* Images.xcassets */; };
		594C30381C2169B500E7B247 /* LaunchScreen.xib in Resources */ = {isa = PBXBuildFile; fileRef = 594C30361C2169B500E7B247 /* LaunchScreen.xib */; };
		594C30441C2169B500E7B247 /* OcAndSwiftTests.swift in Sources */ = {isa = PBXBuildFile; fileRef = 594C30431C2169B500E7B247 /* OcAndSwiftTests.swift */; };
		59C7FD341C216BAB006763FC /* OcViewcontroller.m in Sources */ = {isa = PBXBuildFile; fileRef = 59C7FD331C216BAB006763FC /* OcViewcontroller.m */; };
/* End PBXBuildFile section */

/* Begin PBXContainerItemProxy section */
		594C303E1C2169B500E7B247 /* PBXContainerItemProxy */ = {
			isa = PBXContainerItemProxy;
			containerPortal = 594C30201C2169B400E7B247 /* Project object */;
			proxyType = 1;
			remoteGlobalIDString = 594C30271C2169B400E7B247;
			remoteInfo = OcAndSwift;
		};
/* End PBXContainerItemProxy section */

/* Begin PBXFileReference section */
		594C30281C2169B500E7B247 /* OcAndSwift.app */ = {isa = PBXFileReference; explicitFileType = wrapper.application; includeInIndex = 0; path = OcAndSwift.app; sourceTree = BUILT_PRODUCTS_DIR; };
		594C302C1C2169B500E7B247 /* Info.plist */ = {isa = PBXFileReference; lastKnownFileType = text.plist.xml; path = Info.plist; sourceTree = "<group>"; };
		594C302D1C2169B500E7B247 /* AppDelegate.swift */ = {isa = PBXFileReference; lastKnownFileType = sourcecode.swift; path = AppDelegate.swift; sourceTree = "<group>"; };
		594C302F1C2169B500E7B247 /* ViewController.swift */ = {isa = PBXFileReference; lastKnownFileType = sourcecode.swift; path = ViewController.swift; sourceTree = "<group>"; };
		594C30321C2169B500E7B247 /* Base */ = {isa = PBXFileReference; lastKnownFileType = file.storyboard; name = Base; path = Base.lproj/Main.storyboard; sourceTree = "<group>"; };
		594C30341C2169B500E7B247 /* Images.xcassets */ = {isa = PBXFileReference; lastKnownFileType = folder.assetcatalog; path = Images.xcassets; sourceTree = "<group>"; };
		594C30371C2169B500E7B247 /* Base */ = {isa = PBXFileReference; lastKnownFileType = file.xib; name = Base; path = Base.lproj/LaunchScreen.xib; sourceTree = "<group>"; };
		594C303D1C2169B500E7B247 /* OcAndSwiftTests.xctest */ = {isa = PBXFileReference; explicitFileType = wrapper.cfbundle; includeInIndex = 0; path = OcAndSwiftTests.xctest; sourceTree = BUILT_PRODUCTS_DIR; };
		594C30421C2169B500E7B247 /* Info.plist */ = {isa = PBXFileReference; lastKnownFileType = text.plist.xml; path = Info.plist; sourceTree = "<group>"; };
		594C30431C2169B500E7B247 /* OcAndSwiftTests.swift */ = {isa = PBXFileReference; lastKnownFileType = sourcecode.swift; path = OcAndSwiftTests.swift; sourceTree = "<group>"; };
		59C7FD311C216BAA006763FC /* OcAndSwift-Bridging-Header.h */ = {isa = PBXFileReference; lastKnownFileType = sourcecode.c.h; path = "OcAndSwift-Bridging-Header.h"; sourceTree = "<group>"; };
		59C7FD321C216BAB006763FC /* OcViewcontroller.h */ = {isa = PBXFileReference; fileEncoding = 4; lastKnownFileType = sourcecode.c.h; path = OcViewcontroller.h; sourceTree = "<group>"; };
		59C7FD331C216BAB006763FC /* OcViewcontroller.m */ = {isa = PBXFileReference; fileEncoding = 4; lastKnownFileType = sourcecode.c.objc; path = OcViewcontroller.m; sourceTree = "<group>"; };
/* End PBXFileReference section */

/* Begin PBXFrameworksBuildPhase section */
		594C30251C2169B400E7B247 /* Frameworks */ = {
			isa = PBXFrameworksBuildPhase;
			buildActionMask = 2147483647;
			files = (
			);
			runOnlyForDeploymentPostprocessing = 0;
		};
		594C303A1C2169B500E7B247 /* Frameworks */ = {
			isa = PBXFrameworksBuildPhase;
			buildActionMask = 2147483647;
			files = (
			);
			runOnlyForDeploymentPostprocessing = 0;
		};
/* End PBXFrameworksBuildPhase section */

/* Begin PBXGroup section */
		594C301F1C2169B400E7B247 = {
			isa = PBXGroup;
			children = (
				594C302A1C2169B500E7B247 /* OcAndSwift */,
				594C30401C2169B500E7B247 /* OcAndSwiftTests */,
				594C30291C2169B500E7B247 /* Products */,
			);
			sourceTree = "<group>";
		};
		594C30291C2169B500E7B247 /* Products */ = {
			isa = PBXGroup;
			children = (
				594C30281C2169B500E7B247 /* OcAndSwift.app */,
				594C303D1C2169B500E7B247 /* OcAndSwiftTests.xctest */,
			);
			name = Products;
			sourceTree = "<group>";
		};
		594C302A1C2169B500E7B247 /* OcAndSwift */ = {
			isa = PBXGroup;
			children = (
				594C302D1C2169B500E7B247 /* AppDelegate.swift */,
				594C302F1C2169B500E7B247 /* ViewController.swift */,
				59C7FD321C216BAB006763FC /* OcViewcontroller.h */,
				59C7FD331C216BAB006763FC /* OcViewcontroller.m */,
				594C30311C2169B500E7B247 /* Main.storyboard */,
				594C30341C2169B500E7B247 /* Images.xcassets */,
				594C30361C2169B500E7B247 /* LaunchScreen.xib */,
				594C302B1C2169B500E7B247 /* Supporting Files */,
				59C7FD311C216BAA006763FC /* OcAndSwift-Bridging-Header.h */,
			);
			path = OcAndSwift;
			sourceTree = "<group>";
		};
		594C302B1C2169B500E7B247 /* Supporting Files */ = {
			isa = PBXGroup;
			children = (
				594C302C1C2169B500E7B247 /* Info.plist */,
			);
			name = "Supporting Files";
			sourceTree = "<group>";
		};
		594C30401C2169B500E7B247 /* OcAndSwiftTests */ = {
			isa = PBXGroup;
			children = (
				594C30431C2169B500E7B247 /* OcAndSwiftTests.swift */,
				594C30411C2169B500E7B247 /* Supporting Files */,
			);
			path = OcAndSwiftTests;
			sourceTree = "<group>";
		};
		594C30411C2169B500E7B247 /* Supporting Files */ = {
			isa = PBXGroup;
			children = (
				594C30421C2169B500E7B247 /* Info.plist */,
			);
			name = "Supporting Files";
			sourceTree = "<group>";
		};
/* End PBXGroup section */

/* Begin PBXNativeTarget section */
		594C30271C2169B400E7B247 /* OcAndSwift */ = {
			isa = PBXNativeTarget;
			buildConfigurationList = 594C30471C2169B500E7B247 /* Build configuration list for PBXNativeTarget "OcAndSwift" */;
			buildPhases = (
				594C30241C2169B400E7B247 /* Sources */,
				594C30251C2169B400E7B247 /* Frameworks */,
				594C30261C2169B400E7B247 /* Resources */,
			);
			buildRules = (
			);
			dependencies = (
			);
			name = OcAndSwift;
			productName = OcAndSwift;
			productReference = 594C30281C2169B500E7B247 /* OcAndSwift.app */;
			productType = "com.apple.product-type.application";
		};
		594C303C1C2169B500E7B247 /* OcAndSwiftTests */ = {
			isa = PBXNativeTarget;
			buildConfigurationList = 594C304A1C2169B500E7B247 /* Build configuration list for PBXNativeTarget "OcAndSwiftTests" */;
			buildPhases = (
				594C30391C2169B500E7B247 /* Sources */,
				594C303A1C2169B500E7B247 /* Frameworks */,
				594C303B1C2169B500E7B247 /* Resources */,
			);
			buildRules = (
			);
			dependencies = (
				594C303F1C2169B500E7B247 /* PBXTargetDependency */,
			);
			name = OcAndSwiftTests;
			productName = OcAndSwiftTests;
			productReference = 594C303D1C2169B500E7B247 /* OcAndSwiftTests.xctest */;
			productType = "com.apple.product-type.bundle.unit-test";
		};
/* End PBXNativeTarget section */

/* Begin PBXProject section */
		594C30201C2169B400E7B247 /* Project object */ = {
			isa = PBXProject;
			attributes = {
				LastSwiftUpdateCheck = 0720;
				LastUpgradeCheck = 0640;
				ORGANIZATIONNAME = "刘康蕤";
				TargetAttributes = {
					594C30271C2169B400E7B247 = {
						CreatedOnToolsVersion = 6.4;
					};
					594C303C1C2169B500E7B247 = {
						CreatedOnToolsVersion = 6.4;
						TestTargetID = 594C30271C2169B400E7B247;
					};
				};
			};
			buildConfigurationList = 594C30231C2169B400E7B247 /* Build configuration list for PBXProject "OcAndSwift" */;
			compatibilityVersion = "Xcode 3.2";
			developmentRegion = English;
			hasScannedForEncodings = 0;
			knownRegions = (
				en,
				Base,
			);
			mainGroup = 594C301F1C2169B400E7B247;
			productRefGroup = 594C30291C2169B500E7B247 /* Products */;
			projectDirPath = "";
			projectRoot = "";
			targets = (
				594C30271C2169B400E7B247 /* OcAndSwift */,
				594C303C1C2169B500E7B247 /* OcAndSwiftTests */,
			);
		};
/* End PBXProject section */

/* Begin PBXResourcesBuildPhase section */
		594C30261C2169B400E7B247 /* Resources */ = {
			isa = PBXResourcesBuildPhase;
			buildActionMask = 2147483647;
			files = (
				594C30331C2169B500E7B247 /* Main.storyboard in Resources */,
				594C30381C2169B500E7B247 /* LaunchScreen.xib in Resources */,
				594C30351C2169B500E7B247 /* Images.xcassets in Resources */,
			);
			runOnlyForDeploymentPostprocessing = 0;
		};
		594C303B1C2169B500E7B247 /* Resources */ = {
			isa = PBXResourcesBuildPhase;
			buildActionMask = 2147483647;
			files = (
			);
			runOnlyForDeploymentPostprocessing = 0;
		};
/* End PBXResourcesBuildPhase section */

/* Begin PBXSourcesBuildPhase section */
		594C30241C2169B400E7B247 /* Sources */ = {
			isa = PBXSourcesBuildPhase;
			buildActionMask = 2147483647;
			files = (
				59C7FD341C216BAB006763FC /* OcViewcontroller.m in Sources */,
				594C30301C2169B500E7B247 /* ViewController.swift in Sources */,
				594C302E1C2169B500E7B247 /* AppDelegate.swift in Sources */,
			);
			runOnlyForDeploymentPostprocessing = 0;
		};
		594C30391C2169B500E7B247 /* Sources */ = {
			isa = PBXSourcesBuildPhase;
			buildActionMask = 2147483647;
			files = (
				594C30441C2169B500E7B247 /* OcAndSwiftTests.swift in Sources */,
			);
			runOnlyForDeploymentPostprocessing = 0;
		};
/* End PBXSourcesBuildPhase section */

/* Begin PBXTargetDependency section */
		594C303F1C2169B500E7B247 /* PBXTargetDependency */ = {
			isa = PBXTargetDependency;
			target = 594C30271C2169B400E7B247 /* OcAndSwift */;
			targetProxy = 594C303E1C2169B500E7B247 /* PBXContainerItemProxy */;
		};
/* End PBXTargetDependency section */

/* Begin PBXVariantGroup section */
		594C30311C2169B500E7B247 /* Main.storyboard */ = {
			isa = PBXVariantGroup;
			children = (
				594C30321C2169B500E7B247 /* Base */,
			);
			name = Main.storyboard;
			sourceTree = "<group>";
		};
		594C30361C2169B500E7B247 /* LaunchScreen.xib */ = {
			isa = PBXVariantGroup;
			children = (
				594C30371C2169B500E7B247 /* Base */,
			);
			name = LaunchScreen.xib;
			sourceTree = "<group>";
		};
/* End PBXVariantGroup section */

/* Begin XCBuildConfiguration section */
		594C30451C2169B500E7B247 /* Debug */ = {
			isa = XCBuildConfiguration;
			buildSettings = {
				ALWAYS_SEARCH_USER_PATHS = NO;
				CLANG_CXX_LANGUAGE_STANDARD = "gnu++0x";
				CLANG_CXX_LIBRARY = "libc++";
				CLANG_ENABLE_MODULES = YES;
				CLANG_ENABLE_OBJC_ARC = YES;
				CLANG_WARN_BOOL_CONVERSION = YES;
				CLANG_WARN_CONSTANT_CONVERSION = YES;
				CLANG_WARN_DIRECT_OBJC_ISA_USAGE = YES_ERROR;
				CLANG_WARN_EMPTY_BODY = YES;
				CLANG_WARN_ENUM_CONVERSION = YES;
				CLANG_WARN_INT_CONVERSION = YES;
				CLANG_WARN_OBJC_ROOT_CLASS = YES_ERROR;
				CLANG_WARN_UNREACHABLE_CODE = YES;
				CLANG_WARN__DUPLICATE_METHOD_MATCH = YES;
				"CODE_SIGN_IDENTITY[sdk=iphoneos*]" = "iPhone Developer";
				COPY_PHASE_STRIP = NO;
				DEBUG_INFORMATION_FORMAT = "dwarf-with-dsym";
				ENABLE_STRICT_OBJC_MSGSEND = YES;
				GCC_C_LANGUAGE_STANDARD = gnu99;
				GCC_DYNAMIC_NO_PIC = NO;
				GCC_NO_COMMON_BLOCKS = YES;
				GCC_OPTIMIZATION_LEVEL = 0;
				GCC_PREPROCESSOR_DEFINITIONS = (
					"DEBUG=1",
					"$(inherited)",
				);
				GCC_SYMBOLS_PRIVATE_EXTERN = NO;
				GCC_WARN_64_TO_32_BIT_CONVERSION = YES;
				GCC_WARN_ABOUT_RETURN_TYPE = YES_ERROR;
				GCC_WARN_UNDECLARED_SELECTOR = YES;
				GCC_WARN_UNINITIALIZED_AUTOS = YES_AGGRESSIVE;
				GCC_WARN_UNUSED_FUNCTION = YES;
				GCC_WARN_UNUSED_VARIABLE = YES;
				IPHONEOS_DEPLOYMENT_TARGET = 8.4;
				MTL_ENABLE_DEBUG_INFO = YES;
				ONLY_ACTIVE_ARCH = YES;
				SDKROOT = iphoneos;
				SWIFT_OPTIMIZATION_LEVEL = "-Onone";
			};
			name = Debug;
		};
		594C30461C2169B500E7B247 /* Release */ = {
			isa = XCBuildConfiguration;
			buildSettings = {
				ALWAYS_SEARCH_USER_PATHS = NO;
				CLANG_CXX_LANGUAGE_STANDARD = "gnu++0x";
				CLANG_CXX_LIBRARY = "libc++";
				CLANG_ENABLE_MODULES = YES;
				CLANG_ENABLE_OBJC_ARC = YES;
				CLANG_WARN_BOOL_CONVERSION = YES;
				CLANG_WARN_CONSTANT_CONVERSION = YES;
				CLANG_WARN_DIRECT_OBJC_ISA_USAGE = YES_ERROR;
				CLANG_WARN_EMPTY_BODY = YES;
				CLANG_WARN_ENUM_CONVERSION = YES;
				CLANG_WARN_INT_CONVERSION = YES;
				CLANG_WARN_OBJC_ROOT_CLASS = YES_ERROR;
				CLANG_WARN_UNREACHABLE_CODE = YES;
				CLANG_WARN__DUPLICATE_METHOD_MATCH = YES;
				"CODE_SIGN_IDENTITY[sdk=iphoneos*]" = "iPhone Developer";
				COPY_PHASE_STRIP = NO;
				DEBUG_INFORMATION_FORMAT = "dwarf-with-dsym";
				ENABLE_NS_ASSERTIONS = NO;
				ENABLE_STRICT_OBJC_MSGSEND = YES;
				GCC_C_LANGUAGE_STANDARD = gnu99;
				GCC_NO_COMMON_BLOCKS = YES;
				GCC_WARN_64_TO_32_BIT_CONVERSION = YES;
				GCC_WARN_ABOUT_RETURN_TYPE = YES_ERROR;
				GCC_WARN_UNDECLARED_SELECTOR = YES;
				GCC_WARN_UNINITIALIZED_AUTOS = YES_AGGRESSIVE;
				GCC_WARN_UNUSED_FUNCTION = YES;
				GCC_WARN_UNUSED_VARIABLE = YES;
				IPHONEOS_DEPLOYMENT_TARGET = 8.4;
				MTL_ENABLE_DEBUG_INFO = NO;
				SDKROOT = iphoneos;
				VALIDATE_PRODUCT = YES;
			};
			name = Release;
		};
		594C30481C2169B500E7B247 /* Debug */ = {
			isa = XCBuildConfiguration;
			buildSettings = {
				ASSETCATALOG_COMPILER_APPICON_NAME = AppIcon;
				CLANG_ENABLE_MODULES = YES;
				INFOPLIST_FILE = OcAndSwift/Info.plist;
				LD_RUNPATH_SEARCH_PATHS = "$(inherited) @executable_path/Frameworks";
				PRODUCT_NAME = "$(TARGET_NAME)";
				SWIFT_OBJC_BRIDGING_HEADER = "OcAndSwift/OcAndSwift-Bridging-Header.h";
				SWIFT_OPTIMIZATION_LEVEL = "-Onone";
			};
			name = Debug;
		};
		594C30491C2169B500E7B247 /* Release */ = {
			isa = XCBuildConfiguration;
			buildSettings = {
				ASSETCATALOG_COMPILER_APPICON_NAME = AppIcon;
				CLANG_ENABLE_MODULES = YES;
				INFOPLIST_FILE = OcAndSwift/Info.plist;
				LD_RUNPATH_SEARCH_PATHS = "$(inherited) @executable_path/Frameworks";
				PRODUCT_NAME = "$(TARGET_NAME)";
				SWIFT_OBJC_BRIDGING_HEADER = "OcAndSwift/OcAndSwift-Bridging-Header.h";
			};
			name = Release;
		};
		594C304B1C2169B500E7B247 /* Debug */ = {
			isa = XCBuildConfiguration;
			buildSettings = {
				BUNDLE_LOADER = "$(TEST_HOST)";
				FRAMEWORK_SEARCH_PATHS = (
					"$(SDKROOT)/Developer/Library/Frameworks",
					"$(inherited)",
				);
				GCC_PREPROCESSOR_DEFINITIONS = (
					"DEBUG=1",
					"$(inherited)",
				);
				INFOPLIST_FILE = OcAndSwiftTests/Info.plist;
				LD_RUNPATH_SEARCH_PATHS = "$(inherited) @executable_path/Frameworks @loader_path/Frameworks";
				PRODUCT_NAME = "$(TARGET_NAME)";
				TEST_HOST = "$(BUILT_PRODUCTS_DIR)/OcAndSwift.app/OcAndSwift";
			};
			name = Debug;
		};
		594C304C1C2169B500E7B247 /* Release */ = {
			isa = XCBuildConfiguration;
			buildSettings = {
				BUNDLE_LOADER = "$(TEST_HOST)";
				FRAMEWORK_SEARCH_PATHS = (
					"$(SDKROOT)/Developer/Library/Frameworks",
					"$(inherited)",
				);
				INFOPLIST_FILE = OcAndSwiftTests/Info.plist;
				LD_RUNPATH_SEARCH_PATHS = "$(inherited) @executable_path/Frameworks @loader_path/Frameworks";
				PRODUCT_NAME = "$(TARGET_NAME)";
				TEST_HOST = "$(BUILT_PRODUCTS_DIR)/OcAndSwift.app/OcAndSwift";
			};
			name = Release;
		};
/* End XCBuildConfiguration section */

/* Begin XCConfigurationList section */
		594C30231C2169B400E7B247 /* Build configuration list for PBXProject "OcAndSwift" */ = {
			isa = XCConfigurationList;
			buildConfigurations = (
				594C30451C2169B500E7B247 /* Debug */,
				594C30461C2169B500E7B247 /* Release */,
			);
			defaultConfigurationIsVisible = 0;
			defaultConfigurationName = Release;
		};
		594C30471C2169B500E7B247 /* Build configuration list for PBXNativeTarget "OcAndSwift" */ = {
			isa = XCConfigurationList;
			buildConfigurations = (
				594C30481C2169B500E7B247 /* Debug */,
				594C30491C2169B500E7B247 /* Release */,
			);
			defaultConfigurationIsVisible = 0;
			defaultConfigurationName = Release;
		};
		594C304A1C2169B500E7B247 /* Build configuration list for PBXNativeTarget "OcAndSwiftTests" */ = {
			isa = XCConfigurationList;
			buildConfigurations = (
				594C304B1C2169B500E7B247 /* Debug */,
				594C304C1C2169B500E7B247 /* Release */,
			);
			defaultConfigurationIsVisible = 0;
			defaultConfigurationName = Release;
		};
/* End XCConfigurationList section */
	};
	rootObject = 594C30201C2169B400E7B247 /* Project object */;
}
